
Microsoft Visual Studio Solution File, Format Version 12.00
# Visual Studio Version 17
VisualStudioVersion = 17.1.32210.238
MinimumVisualStudioVersion = 10.0.40219.1
Project("{9A19103F-16F7-4668-BE54-9A1E7A4F7556}") = "01. Tower Of Hanoi", "Tower Of Hanoi\01. Tower Of Hanoi.csproj", "{A0B402C5-C35F-4151-A6B8-7641CE746CFD}"
EndProject
Project("{9A19103F-16F7-4668-BE54-9A1E7A4F7556}") = "02. Termometras", "Termometras\02. Termometras.csproj", "{81765A05-3199-41C7-AD5A-984A700C76EC}"
EndProject
Project("{9A19103F-16F7-4668-BE54-9A1E7A4F7556}") = "03. Kelias", "03. Kelias\03. Kelias.csproj", "{26AB0F07-7D60-4A90-ADCD-EC56E2275AD0}"
EndProject
Project("{9A19103F-16F7-4668-BE54-9A1E7A4F7556}") = "04. Amziaus Melagis", "04. Amziaus Melagis\04. Amziaus Melagis.csproj", "{ED8590A6-8591-4777-AF9D-16CE23740B03}"
EndProject
Project("{9A19103F-16F7-4668-BE54-9A1E7A4F7556}") = "05 DNR inzinerija", "05 DNR inzinerija\05 DNR inzinerija.csproj", "{BE737F10-2174-41C4-84C9-55FB377FAF11}"
EndProject
Project("{2150E333-8FDC-42A3-9474-1A3956D46DE8}") = "00. testai", "00. testai", "{3CF9210F-69C3-4EBD-8791-1CD2EB2CF2BA}"
EndProject
Project("{9A19103F-16F7-4668-BE54-9A1E7A4F7556}") = "05 DNR inzinerija testai", "05 DNR inzinerija testai\05 DNR inzinerija testai.csproj", "{A37A5068-4D78-4FB8-93AB-B0359CB85C44}"
EndProject
Project("{9A19103F-16F7-4668-BE54-9A1E7A4F7556}") = "06 Super-Skaiciuotuvas", "06 Super-Skaiciuotuvas\06 Super-Skaiciuotuvas.csproj", "{DC17690C-C482-4032-BDDA-DB0A7AC9A61C}"
EndProject
Project("{9A19103F-16F7-4668-BE54-9A1E7A4F7556}") = "06 Super-SkaiciuotuvasTests", "06 Super-SkaiciuotuvasTests\06 Super-SkaiciuotuvasTests.csproj", "{40AC6C90-6FC7-4412-AE94-F55EFD572BDD}"
EndProject
Project("{9A19103F-16F7-4668-BE54-9A1E7A4F7556}") = "07 Kartuves", "07 Kartuves\07 Kartuves.csproj", "{9CD49723-3578-4DF1-8029-878FC95E118D}"
EndProject
Project("{FAE04EC0-301F-11D3-BF4B-00C04F79EFBC}") = "08 Tower Of Hanoi OOP", "08 Tower Of Hanoi OOP\08 Tower Of Hanoi OOP.csproj", "{CA4D0B11-35E1-4516-9F7E-2319B7C97AC5}"
EndProject
Project("{FAE04EC0-301F-11D3-BF4B-00C04F79EFBC}") = "08 Tower Of Hamoi OOP.Domain", "08 Tower Of Hamoi OOP.Domain\08 Tower Of Hamoi OOP.Domain.csproj", "{6AC528D5-50B7-4CB0-8F10-5B08E575862D}"
EndProject
Global
	GlobalSection(SolutionConfigurationPlatforms) = preSolution
		Debug|Any CPU = Debug|Any CPU
		Release|Any CPU = Release|Any CPU
	EndGlobalSection
	GlobalSection(ProjectConfigurationPlatforms) = postSolution
		{A0B402C5-C35F-4151-A6B8-7641CE746CFD}.Debug|Any CPU.ActiveCfg = Debug|Any CPU
		{A0B402C5-C35F-4151-A6B8-7641CE746CFD}.Debug|Any CPU.Build.0 = Debug|Any CPU
		{A0B402C5-C35F-4151-A6B8-7641CE746CFD}.Release|Any CPU.ActiveCfg = Release|Any CPU
		{A0B402C5-C35F-4151-A6B8-7641CE746CFD}.Release|Any CPU.Build.0 = Release|Any CPU
		{81765A05-3199-41C7-AD5A-984A700C76EC}.Debug|Any CPU.ActiveCfg = Debug|Any CPU
		{81765A05-3199-41C7-AD5A-984A700C76EC}.Debug|Any CPU.Build.0 = Debug|Any CPU
		{81765A05-3199-41C7-AD5A-984A700C76EC}.Release|Any CPU.ActiveCfg = Release|Any CPU
		{81765A05-3199-41C7-AD5A-984A700C76EC}.Release|Any CPU.Build.0 = Release|Any CPU
		{26AB0F07-7D60-4A90-ADCD-EC56E2275AD0}.Debug|Any CPU.ActiveCfg = Debug|Any CPU
		{26AB0F07-7D60-4A90-ADCD-EC56E2275AD0}.Debug|Any CPU.Build.0 = Debug|Any CPU
		{26AB0F07-7D60-4A90-ADCD-EC56E2275AD0}.Release|Any CPU.ActiveCfg = Release|Any CPU
		{26AB0F07-7D60-4A90-ADCD-EC56E2275AD0}.Release|Any CPU.Build.0 = Release|Any CPU
		{ED8590A6-8591-4777-AF9D-16CE23740B03}.Debug|Any CPU.ActiveCfg = Debug|Any CPU
		{ED8590A6-8591-4777-AF9D-16CE23740B03}.Debug|Any CPU.Build.0 = Debug|Any CPU
		{ED8590A6-8591-4777-AF9D-16CE23740B03}.Release|Any CPU.ActiveCfg = Release|Any CPU
		{ED8590A6-8591-4777-AF9D-16CE23740B03}.Release|Any CPU.Build.0 = Release|Any CPU
		{BE737F10-2174-41C4-84C9-55FB377FAF11}.Debug|Any CPU.ActiveCfg = Debug|Any CPU
		{BE737F10-2174-41C4-84C9-55FB377FAF11}.Debug|Any CPU.Build.0 = Debug|Any CPU
		{BE737F10-2174-41C4-84C9-55FB377FAF11}.Release|Any CPU.ActiveCfg = Release|Any CPU
		{BE737F10-2174-41C4-84C9-55FB377FAF11}.Release|Any CPU.Build.0 = Release|Any CPU
		{A37A5068-4D78-4FB8-93AB-B0359CB85C44}.Debug|Any CPU.ActiveCfg = Debug|Any CPU
		{A37A5068-4D78-4FB8-93AB-B0359CB85C44}.Debug|Any CPU.Build.0 = Debug|Any CPU
		{A37A5068-4D78-4FB8-93AB-B0359CB85C44}.Release|Any CPU.ActiveCfg = Release|Any CPU
		{A37A5068-4D78-4FB8-93AB-B0359CB85C44}.Release|Any CPU.Build.0 = Release|Any CPU
		{DC17690C-C482-4032-BDDA-DB0A7AC9A61C}.Debug|Any CPU.ActiveCfg = Debug|Any CPU
		{DC17690C-C482-4032-BDDA-DB0A7AC9A61C}.Debug|Any CPU.Build.0 = Debug|Any CPU
		{DC17690C-C482-4032-BDDA-DB0A7AC9A61C}.Release|Any CPU.ActiveCfg = Release|Any CPU
		{DC17690C-C482-4032-BDDA-DB0A7AC9A61C}.Release|Any CPU.Build.0 = Release|Any CPU
		{40AC6C90-6FC7-4412-AE94-F55EFD572BDD}.Debug|Any CPU.ActiveCfg = Debug|Any CPU
		{40AC6C90-6FC7-4412-AE94-F55EFD572BDD}.Debug|Any CPU.Build.0 = Debug|Any CPU
		{40AC6C90-6FC7-4412-AE94-F55EFD572BDD}.Release|Any CPU.ActiveCfg = Release|Any CPU
		{40AC6C90-6FC7-4412-AE94-F55EFD572BDD}.Release|Any CPU.Build.0 = Release|Any CPU
		{9CD49723-3578-4DF1-8029-878FC95E118D}.Debug|Any CPU.ActiveCfg = Debug|Any CPU
		{9CD49723-3578-4DF1-8029-878FC95E118D}.Debug|Any CPU.Build.0 = Debug|Any CPU
		{9CD49723-3578-4DF1-8029-878FC95E118D}.Release|Any CPU.ActiveCfg = Release|Any CPU
		{9CD49723-3578-4DF1-8029-878FC95E118D}.Release|Any CPU.Build.0 = Release|Any CPU
		{CA4D0B11-35E1-4516-9F7E-2319B7C97AC5}.Debug|Any CPU.ActiveCfg = Debug|Any CPU
		{CA4D0B11-35E1-4516-9F7E-2319B7C97AC5}.Debug|Any CPU.Build.0 = Debug|Any CPU
		{CA4D0B11-35E1-4516-9F7E-2319B7C97AC5}.Release|Any CPU.ActiveCfg = Release|Any CPU
		{CA4D0B11-35E1-4516-9F7E-2319B7C97AC5}.Release|Any CPU.Build.0 = Release|Any CPU
		{6AC528D5-50B7-4CB0-8F10-5B08E575862D}.Debug|Any CPU.ActiveCfg = Debug|Any CPU
		{6AC528D5-50B7-4CB0-8F10-5B08E575862D}.Debug|Any CPU.Build.0 = Debug|Any CPU
		{6AC528D5-50B7-4CB0-8F10-5B08E575862D}.Release|Any CPU.ActiveCfg = Release|Any CPU
		{6AC528D5-50B7-4CB0-8F10-5B08E575862D}.Release|Any CPU.Build.0 = Release|Any CPU
	EndGlobalSection
	GlobalSection(SolutionProperties) = preSolution
		HideSolutionNode = FALSE
	EndGlobalSection
	GlobalSection(NestedProjects) = preSolution
		{A37A5068-4D78-4FB8-93AB-B0359CB85C44} = {3CF9210F-69C3-4EBD-8791-1CD2EB2CF2BA}
		{40AC6C90-6FC7-4412-AE94-F55EFD572BDD} = {3CF9210F-69C3-4EBD-8791-1CD2EB2CF2BA}
	EndGlobalSection
	GlobalSection(ExtensibilityGlobals) = postSolution
		SolutionGuid = {9A0212B4-D5A6-476E-B0D7-2BD8DE4FB0BD}
	EndGlobalSection
EndGlobal
