
Microsoft Visual Studio Solution File, Format Version 12.00
# Visual Studio Version 17
VisualStudioVersion = 17.1.32210.238
MinimumVisualStudioVersion = 10.0.40219.1
Project("{9A19103F-16F7-4668-BE54-9A1E7A4F7556}") = "01. Tower Of Hanoi", "Tower Of Hanoi\01. Tower Of Hanoi.csproj", "{A0B402C5-C35F-4151-A6B8-7641CE746CFD}"
EndProject
Project("{9A19103F-16F7-4668-BE54-9A1E7A4F7556}") = "02. Termometras", "Termometras\02. Termometras.csproj", "{81765A05-3199-41C7-AD5A-984A700C76EC}"
EndProject
Project("{9A19103F-16F7-4668-BE54-9A1E7A4F7556}") = "03. Kelias", "03. Kelias\03. Kelias.csproj", "{26AB0F07-7D60-4A90-ADCD-EC56E2275AD0}"
EndProject
Project("{FAE04EC0-301F-11D3-BF4B-00C04F79EFBC}") = "04. Amziaus Melagis", "04. Amziaus Melagis\04. Amziaus Melagis.csproj", "{ED8590A6-8591-4777-AF9D-16CE23740B03}"
EndProject
Global
	GlobalSection(SolutionConfigurationPlatforms) = preSolution
		Debug|Any CPU = Debug|Any CPU
		Release|Any CPU = Release|Any CPU
	EndGlobalSection
	GlobalSection(ProjectConfigurationPlatforms) = postSolution
		{A0B402C5-C35F-4151-A6B8-7641CE746CFD}.Debug|Any CPU.ActiveCfg = Debug|Any CPU
		{A0B402C5-C35F-4151-A6B8-7641CE746CFD}.Debug|Any CPU.Build.0 = Debug|Any CPU
		{A0B402C5-C35F-4151-A6B8-7641CE746CFD}.Release|Any CPU.ActiveCfg = Release|Any CPU
		{A0B402C5-C35F-4151-A6B8-7641CE746CFD}.Release|Any CPU.Build.0 = Release|Any CPU
		{81765A05-3199-41C7-AD5A-984A700C76EC}.Debug|Any CPU.ActiveCfg = Debug|Any CPU
		{81765A05-3199-41C7-AD5A-984A700C76EC}.Debug|Any CPU.Build.0 = Debug|Any CPU
		{81765A05-3199-41C7-AD5A-984A700C76EC}.Release|Any CPU.ActiveCfg = Release|Any CPU
		{81765A05-3199-41C7-AD5A-984A700C76EC}.Release|Any CPU.Build.0 = Release|Any CPU
		{26AB0F07-7D60-4A90-ADCD-EC56E2275AD0}.Debug|Any CPU.ActiveCfg = Debug|Any CPU
		{26AB0F07-7D60-4A90-ADCD-EC56E2275AD0}.Debug|Any CPU.Build.0 = Debug|Any CPU
		{26AB0F07-7D60-4A90-ADCD-EC56E2275AD0}.Release|Any CPU.ActiveCfg = Release|Any CPU
		{26AB0F07-7D60-4A90-ADCD-EC56E2275AD0}.Release|Any CPU.Build.0 = Release|Any CPU
		{ED8590A6-8591-4777-AF9D-16CE23740B03}.Debug|Any CPU.ActiveCfg = Debug|Any CPU
		{ED8590A6-8591-4777-AF9D-16CE23740B03}.Debug|Any CPU.Build.0 = Debug|Any CPU
		{ED8590A6-8591-4777-AF9D-16CE23740B03}.Release|Any CPU.ActiveCfg = Release|Any CPU
		{ED8590A6-8591-4777-AF9D-16CE23740B03}.Release|Any CPU.Build.0 = Release|Any CPU
	EndGlobalSection
	GlobalSection(SolutionProperties) = preSolution
		HideSolutionNode = FALSE
	EndGlobalSection
	GlobalSection(ExtensibilityGlobals) = postSolution
		SolutionGuid = {9A0212B4-D5A6-476E-B0D7-2BD8DE4FB0BD}
	EndGlobalSection
EndGlobal
